
Microsoft Visual Studio Solution File, Format Version 12.00
# Visual Studio Version 16
VisualStudioVersion = 25.0.1706.9
MinimumVisualStudioVersion = 10.0.40219.1
Project("{FAE04EC0-301F-11D3-BF4B-00C04F79EFBC}") = "HelloWorldMinimalApi", "HelloWorldMinimalApi.csproj", "{07E99E60-9641-4AFD-BDAB-43D29BEAA418}"
EndProject
Project("{FAE04EC0-301F-11D3-BF4B-00C04F79EFBC}") = "HelloWorldTests", "..\HelloWorldTests\HelloWorldTests.csproj", "{7D9A6F87-6D4A-48F9-A9D3-C6497AAB2D05}"
EndProject
Global
	GlobalSection(SolutionConfigurationPlatforms) = preSolution
		Debug|Any CPU = Debug|Any CPU
		Release|Any CPU = Release|Any CPU
	EndGlobalSection
	GlobalSection(ProjectConfigurationPlatforms) = postSolution
		{07E99E60-9641-4AFD-BDAB-43D29BEAA418}.Debug|Any CPU.ActiveCfg = Debug|Any CPU
		{07E99E60-9641-4AFD-BDAB-43D29BEAA418}.Debug|Any CPU.Build.0 = Debug|Any CPU
		{07E99E60-9641-4AFD-BDAB-43D29BEAA418}.Release|Any CPU.ActiveCfg = Release|Any CPU
		{07E99E60-9641-4AFD-BDAB-43D29BEAA418}.Release|Any CPU.Build.0 = Release|Any CPU
		{7D9A6F87-6D4A-48F9-A9D3-C6497AAB2D05}.Debug|Any CPU.ActiveCfg = Debug|Any CPU
		{7D9A6F87-6D4A-48F9-A9D3-C6497AAB2D05}.Debug|Any CPU.Build.0 = Debug|Any CPU
		{7D9A6F87-6D4A-48F9-A9D3-C6497AAB2D05}.Release|Any CPU.ActiveCfg = Release|Any CPU
		{7D9A6F87-6D4A-48F9-A9D3-C6497AAB2D05}.Release|Any CPU.Build.0 = Release|Any CPU
	EndGlobalSection
	GlobalSection(SolutionProperties) = preSolution
		HideSolutionNode = FALSE
	EndGlobalSection
	GlobalSection(ExtensibilityGlobals) = postSolution
		SolutionGuid = {02D117CB-4BC2-49BA-9CE8-A2FE2EB10E3D}
	EndGlobalSection
EndGlobal
